// !$*UTF8*$!
{
	archiveVersion = 1;
	classes = {
	};
	objectVersion = 46;
	objects = {

/* Begin PBXBuildFile section */
		438C144F1CD7B296005516A5 /* main.m in Sources */ = {isa = PBXBuildFile; fileRef = 438C144E1CD7B296005516A5 /* main.m */; };
		438C14521CD7B296005516A5 /* AppDelegate.m in Sources */ = {isa = PBXBuildFile; fileRef = 438C14511CD7B296005516A5 /* AppDelegate.m */; };
		438C14551CD7B296005516A5 /* ViewController.m in Sources */ = {isa = PBXBuildFile; fileRef = 438C14541CD7B296005516A5 /* ViewController.m */; };
		438C14581CD7B296005516A5 /* Main.storyboard in Resources */ = {isa = PBXBuildFile; fileRef = 438C14561CD7B296005516A5 /* Main.storyboard */; };
		438C145B1CD7B296005516A5 /* Landmark.xcdatamodeld in Sources */ = {isa = PBXBuildFile; fileRef = 438C14591CD7B296005516A5 /* Landmark.xcdatamodeld */; };
		438C145D1CD7B296005516A5 /* Assets.xcassets in Resources */ = {isa = PBXBuildFile; fileRef = 438C145C1CD7B296005516A5 /* Assets.xcassets */; };
		438C14601CD7B296005516A5 /* LaunchScreen.storyboard in Resources */ = {isa = PBXBuildFile; fileRef = 438C145E1CD7B296005516A5 /* LaunchScreen.storyboard */; };
		438C14681CD7B2C4005516A5 /* MapKit.framework in Frameworks */ = {isa = PBXBuildFile; fileRef = 438C14671CD7B2C4005516A5 /* MapKit.framework */; };
		438C146A1CD7B2CA005516A5 /* CoreLocation.framework in Frameworks */ = {isa = PBXBuildFile; fileRef = 438C14691CD7B2CA005516A5 /* CoreLocation.framework */; };
		438C14761CD7BE6E005516A5 /* Landmarks+CoreDataProperties.m in Sources */ = {isa = PBXBuildFile; fileRef = 438C14731CD7BE6E005516A5 /* Landmarks+CoreDataProperties.m */; };
		438C14771CD7BE6E005516A5 /* Landmarks.m in Sources */ = {isa = PBXBuildFile; fileRef = 438C14751CD7BE6E005516A5 /* Landmarks.m */; };
/* End PBXBuildFile section */

/* Begin PBXFileReference section */
		438C144A1CD7B296005516A5 /* Landmark.app */ = {isa = PBXFileReference; explicitFileType = wrapper.application; includeInIndex = 0; path = Landmark.app; sourceTree = BUILT_PRODUCTS_DIR; };
		438C144E1CD7B296005516A5 /* main.m */ = {isa = PBXFileReference; lastKnownFileType = sourcecode.c.objc; path = main.m; sourceTree = "<group>"; };
		438C14501CD7B296005516A5 /* AppDelegate.h */ = {isa = PBXFileReference; lastKnownFileType = sourcecode.c.h; path = AppDelegate.h; sourceTree = "<group>"; };
		438C14511CD7B296005516A5 /* AppDelegate.m */ = {isa = PBXFileReference; lastKnownFileType = sourcecode.c.objc; path = AppDelegate.m; sourceTree = "<group>"; };
		438C14531CD7B296005516A5 /* ViewController.h */ = {isa = PBXFileReference; lastKnownFileType = sourcecode.c.h; path = ViewController.h; sourceTree = "<group>"; };
		438C14541CD7B296005516A5 /* ViewController.m */ = {isa = PBXFileReference; lastKnownFileType = sourcecode.c.objc; path = ViewController.m; sourceTree = "<group>"; };
		438C14571CD7B296005516A5 /* Base */ = {isa = PBXFileReference; lastKnownFileType = file.storyboard; name = Base; path = Base.lproj/Main.storyboard; sourceTree = "<group>"; };
		438C145A1CD7B296005516A5 /* Landmark.xcdatamodel */ = {isa = PBXFileReference; lastKnownFileType = wrapper.xcdatamodel; path = Landmark.xcdatamodel; sourceTree = "<group>"; };
		438C145C1CD7B296005516A5 /* Assets.xcassets */ = {isa = PBXFileReference; lastKnownFileType = folder.assetcatalog; path = Assets.xcassets; sourceTree = "<group>"; };
		438C145F1CD7B296005516A5 /* Base */ = {isa = PBXFileReference; lastKnownFileType = file.storyboard; name = Base; path = Base.lproj/LaunchScreen.storyboard; sourceTree = "<group>"; };
		438C14611CD7B296005516A5 /* Info.plist */ = {isa = PBXFileReference; lastKnownFileType = text.plist.xml; path = Info.plist; sourceTree = "<group>"; };
		438C14671CD7B2C4005516A5 /* MapKit.framework */ = {isa = PBXFileReference; lastKnownFileType = wrapper.framework; name = MapKit.framework; path = System/Library/Frameworks/MapKit.framework; sourceTree = SDKROOT; };
		438C14691CD7B2CA005516A5 /* CoreLocation.framework */ = {isa = PBXFileReference; lastKnownFileType = wrapper.framework; name = CoreLocation.framework; path = System/Library/Frameworks/CoreLocation.framework; sourceTree = SDKROOT; };
		438C14721CD7BE6E005516A5 /* Landmarks+CoreDataProperties.h */ = {isa = PBXFileReference; fileEncoding = 4; lastKnownFileType = sourcecode.c.h; path = "Landmarks+CoreDataProperties.h"; sourceTree = "<group>"; };
		438C14731CD7BE6E005516A5 /* Landmarks+CoreDataProperties.m */ = {isa = PBXFileReference; fileEncoding = 4; lastKnownFileType = sourcecode.c.objc; path = "Landmarks+CoreDataProperties.m"; sourceTree = "<group>"; };
		438C14741CD7BE6E005516A5 /* Landmarks.h */ = {isa = PBXFileReference; fileEncoding = 4; lastKnownFileType = sourcecode.c.h; path = Landmarks.h; sourceTree = "<group>"; };
		438C14751CD7BE6E005516A5 /* Landmarks.m */ = {isa = PBXFileReference; fileEncoding = 4; lastKnownFileType = sourcecode.c.objc; path = Landmarks.m; sourceTree = "<group>"; };
/* End PBXFileReference section */

/* Begin PBXFrameworksBuildPhase section */
		438C14471CD7B296005516A5 /* Frameworks */ = {
			isa = PBXFrameworksBuildPhase;
			buildActionMask = 2147483647;
			files = (
				438C146A1CD7B2CA005516A5 /* CoreLocation.framework in Frameworks */,
				438C14681CD7B2C4005516A5 /* MapKit.framework in Frameworks */,
			);
			runOnlyForDeploymentPostprocessing = 0;
		};
/* End PBXFrameworksBuildPhase section */

/* Begin PBXGroup section */
		438C14411CD7B296005516A5 = {
			isa = PBXGroup;
			children = (
				438C14691CD7B2CA005516A5 /* CoreLocation.framework */,
				438C14671CD7B2C4005516A5 /* MapKit.framework */,
				438C144C1CD7B296005516A5 /* Landmark */,
				438C144B1CD7B296005516A5 /* Products */,
			);
			sourceTree = "<group>";
		};
		438C144B1CD7B296005516A5 /* Products */ = {
			isa = PBXGroup;
			children = (
				438C144A1CD7B296005516A5 /* Landmark.app */,
			);
			name = Products;
			sourceTree = "<group>";
		};
		438C144C1CD7B296005516A5 /* Landmark */ = {
			isa = PBXGroup;
			children = (
				438C14501CD7B296005516A5 /* AppDelegate.h */,
				438C14511CD7B296005516A5 /* AppDelegate.m */,
				438C14531CD7B296005516A5 /* ViewController.h */,
				438C14541CD7B296005516A5 /* ViewController.m */,
				438C14561CD7B296005516A5 /* Main.storyboard */,
				438C145C1CD7B296005516A5 /* Assets.xcassets */,
				438C145E1CD7B296005516A5 /* LaunchScreen.storyboard */,
				438C14611CD7B296005516A5 /* Info.plist */,
				438C14711CD7B419005516A5 /* data */,
				438C144D1CD7B296005516A5 /* Supporting Files */,
			);
			path = Landmark;
			sourceTree = "<group>";
		};
		438C144D1CD7B296005516A5 /* Supporting Files */ = {
			isa = PBXGroup;
			children = (
				438C144E1CD7B296005516A5 /* main.m */,
			);
			name = "Supporting Files";
			sourceTree = "<group>";
		};
		438C14711CD7B419005516A5 /* data */ = {
			isa = PBXGroup;
			children = (
				438C14721CD7BE6E005516A5 /* Landmarks+CoreDataProperties.h */,
				438C14731CD7BE6E005516A5 /* Landmarks+CoreDataProperties.m */,
				438C14741CD7BE6E005516A5 /* Landmarks.h */,
				438C14751CD7BE6E005516A5 /* Landmarks.m */,
				438C14591CD7B296005516A5 /* Landmark.xcdatamodeld */,
			);
			name = data;
			sourceTree = "<group>";
		};
/* End PBXGroup section */

/* Begin PBXNativeTarget section */
		438C14491CD7B296005516A5 /* Landmark */ = {
			isa = PBXNativeTarget;
			buildConfigurationList = 438C14641CD7B296005516A5 /* Build configuration list for PBXNativeTarget "Landmark" */;
			buildPhases = (
				438C14461CD7B296005516A5 /* Sources */,
				438C14471CD7B296005516A5 /* Frameworks */,
				438C14481CD7B296005516A5 /* Resources */,
			);
			buildRules = (
			);
			dependencies = (
			);
			name = Landmark;
			productName = Landmark;
			productReference = 438C144A1CD7B296005516A5 /* Landmark.app */;
			productType = "com.apple.product-type.application";
		};
/* End PBXNativeTarget section */

/* Begin PBXProject section */
		438C14421CD7B296005516A5 /* Project object */ = {
			isa = PBXProject;
			attributes = {
				LastUpgradeCheck = 0730;
				ORGANIZATIONNAME = "Patrick Cooke";
				TargetAttributes = {
					438C14491CD7B296005516A5 = {
						CreatedOnToolsVersion = 7.3;
						DevelopmentTeam = H56J2Z836K;
					};
				};
			};
			buildConfigurationList = 438C14451CD7B296005516A5 /* Build configuration list for PBXProject "Landmark" */;
			compatibilityVersion = "Xcode 3.2";
			developmentRegion = English;
			hasScannedForEncodings = 0;
			knownRegions = (
				en,
				Base,
			);
			mainGroup = 438C14411CD7B296005516A5;
			productRefGroup = 438C144B1CD7B296005516A5 /* Products */;
			projectDirPath = "";
			projectRoot = "";
			targets = (
				438C14491CD7B296005516A5 /* Landmark */,
			);
		};
/* End PBXProject section */

/* Begin PBXResourcesBuildPhase section */
		438C14481CD7B296005516A5 /* Resources */ = {
			isa = PBXResourcesBuildPhase;
			buildActionMask = 2147483647;
			files = (
				438C14601CD7B296005516A5 /* LaunchScreen.storyboard in Resources */,
				438C145D1CD7B296005516A5 /* Assets.xcassets in Resources */,
				438C14581CD7B296005516A5 /* Main.storyboard in Resources */,
			);
			runOnlyForDeploymentPostprocessing = 0;
		};
/* End PBXResourcesBuildPhase section */

/* Begin PBXSourcesBuildPhase section */
		438C14461CD7B296005516A5 /* Sources */ = {
			isa = PBXSourcesBuildPhase;
			buildActionMask = 2147483647;
			files = (
				438C14551CD7B296005516A5 /* ViewController.m in Sources */,
				438C14761CD7BE6E005516A5 /* Landmarks+CoreDataProperties.m in Sources */,
				438C14521CD7B296005516A5 /* AppDelegate.m in Sources */,
				438C14771CD7BE6E005516A5 /* Landmarks.m in Sources */,
				438C144F1CD7B296005516A5 /* main.m in Sources */,
				438C145B1CD7B296005516A5 /* Landmark.xcdatamodeld in Sources */,
			);
			runOnlyForDeploymentPostprocessing = 0;
		};
/* End PBXSourcesBuildPhase section */

/* Begin PBXVariantGroup section */
		438C14561CD7B296005516A5 /* Main.storyboard */ = {
			isa = PBXVariantGroup;
			children = (
				438C14571CD7B296005516A5 /* Base */,
			);
			name = Main.storyboard;
			sourceTree = "<group>";
		};
		438C145E1CD7B296005516A5 /* LaunchScreen.storyboard */ = {
			isa = PBXVariantGroup;
			children = (
				438C145F1CD7B296005516A5 /* Base */,
			);
			name = LaunchScreen.storyboard;
			sourceTree = "<group>";
		};
/* End PBXVariantGroup section */

/* Begin XCBuildConfiguration section */
		438C14621CD7B296005516A5 /* Debug */ = {
			isa = XCBuildConfiguration;
			buildSettings = {
				ALWAYS_SEARCH_USER_PATHS = NO;
				CLANG_ANALYZER_NONNULL = YES;
				CLANG_CXX_LANGUAGE_STANDARD = "gnu++0x";
				CLANG_CXX_LIBRARY = "libc++";
				CLANG_ENABLE_MODULES = YES;
				CLANG_ENABLE_OBJC_ARC = YES;
				CLANG_WARN_BOOL_CONVERSION = YES;
				CLANG_WARN_CONSTANT_CONVERSION = YES;
				CLANG_WARN_DIRECT_OBJC_ISA_USAGE = YES_ERROR;
				CLANG_WARN_EMPTY_BODY = YES;
				CLANG_WARN_ENUM_CONVERSION = YES;
				CLANG_WARN_INT_CONVERSION = YES;
				CLANG_WARN_OBJC_ROOT_CLASS = YES_ERROR;
				CLANG_WARN_UNREACHABLE_CODE = YES;
				CLANG_WARN__DUPLICATE_METHOD_MATCH = YES;
				"CODE_SIGN_IDENTITY[sdk=iphoneos*]" = "iPhone Developer";
				COPY_PHASE_STRIP = NO;
				DEBUG_INFORMATION_FORMAT = dwarf;
				ENABLE_STRICT_OBJC_MSGSEND = YES;
				ENABLE_TESTABILITY = YES;
				GCC_C_LANGUAGE_STANDARD = gnu99;
				GCC_DYNAMIC_NO_PIC = NO;
				GCC_NO_COMMON_BLOCKS = YES;
				GCC_OPTIMIZATION_LEVEL = 0;
				GCC_PREPROCESSOR_DEFINITIONS = (
					"DEBUG=1",
					"$(inherited)",
				);
				GCC_WARN_64_TO_32_BIT_CONVERSION = YES;
				GCC_WARN_ABOUT_RETURN_TYPE = YES_ERROR;
				GCC_WARN_UNDECLARED_SELECTOR = YES;
				GCC_WARN_UNINITIALIZED_AUTOS = YES_AGGRESSIVE;
				GCC_WARN_UNUSED_FUNCTION = YES;
				GCC_WARN_UNUSED_VARIABLE = YES;
				IPHONEOS_DEPLOYMENT_TARGET = 9.3;
				MTL_ENABLE_DEBUG_INFO = YES;
				ONLY_ACTIVE_ARCH = YES;
				SDKROOT = iphoneos;
				TARGETED_DEVICE_FAMILY = "1,2";
			};
			name = Debug;
		};
		438C14631CD7B296005516A5 /* Release */ = {
			isa = XCBuildConfiguration;
			buildSettings = {
				ALWAYS_SEARCH_USER_PATHS = NO;
				CLANG_ANALYZER_NONNULL = YES;
				CLANG_CXX_LANGUAGE_STANDARD = "gnu++0x";
				CLANG_CXX_LIBRARY = "libc++";
				CLANG_ENABLE_MODULES = YES;
				CLANG_ENABLE_OBJC_ARC = YES;
				CLANG_WARN_BOOL_CONVERSION = YES;
				CLANG_WARN_CONSTANT_CONVERSION = YES;
				CLANG_WARN_DIRECT_OBJC_ISA_USAGE = YES_ERROR;
				CLANG_WARN_EMPTY_BODY = YES;
				CLANG_WARN_ENUM_CONVERSION = YES;
				CLANG_WARN_INT_CONVERSION = YES;
				CLANG_WARN_OBJC_ROOT_CLASS = YES_ERROR;
				CLANG_WARN_UNREACHABLE_CODE = YES;
				CLANG_WARN__DUPLICATE_METHOD_MATCH = YES;
				"CODE_SIGN_IDENTITY[sdk=iphoneos*]" = "iPhone Developer";
				COPY_PHASE_STRIP = NO;
				DEBUG_INFORMATION_FORMAT = "dwarf-with-dsym";
				ENABLE_NS_ASSERTIONS = NO;
				ENABLE_STRICT_OBJC_MSGSEND = YES;
				GCC_C_LANGUAGE_STANDARD = gnu99;
				GCC_NO_COMMON_BLOCKS = YES;
				GCC_WARN_64_TO_32_BIT_CONVERSION = YES;
				GCC_WARN_ABOUT_RETURN_TYPE = YES_ERROR;
				GCC_WARN_UNDECLARED_SELECTOR = YES;
				GCC_WARN_UNINITIALIZED_AUTOS = YES_AGGRESSIVE;
				GCC_WARN_UNUSED_FUNCTION = YES;
				GCC_WARN_UNUSED_VARIABLE = YES;
				IPHONEOS_DEPLOYMENT_TARGET = 9.3;
				MTL_ENABLE_DEBUG_INFO = NO;
				SDKROOT = iphoneos;
				TARGETED_DEVICE_FAMILY = "1,2";
				VALIDATE_PRODUCT = YES;
			};
			name = Release;
		};
		438C14651CD7B296005516A5 /* Debug */ = {
			isa = XCBuildConfiguration;
			buildSettings = {
				ASSETCATALOG_COMPILER_APPICON_NAME = AppIcon;
				INFOPLIST_FILE = Landmark/Info.plist;
				LD_RUNPATH_SEARCH_PATHS = "$(inherited) @executable_path/Frameworks";
				PRODUCT_BUNDLE_IDENTIFIER = com.thepatrickcooke.Landmark;
				PRODUCT_NAME = "$(TARGET_NAME)";
			};
			name = Debug;
		};
		438C14661CD7B296005516A5 /* Release */ = {
			isa = XCBuildConfiguration;
			buildSettings = {
				ASSETCATALOG_COMPILER_APPICON_NAME = AppIcon;
				INFOPLIST_FILE = Landmark/Info.plist;
				LD_RUNPATH_SEARCH_PATHS = "$(inherited) @executable_path/Frameworks";
				PRODUCT_BUNDLE_IDENTIFIER = com.thepatrickcooke.Landmark;
				PRODUCT_NAME = "$(TARGET_NAME)";
			};
			name = Release;
		};
/* End XCBuildConfiguration section */

/* Begin XCConfigurationList section */
		438C14451CD7B296005516A5 /* Build configuration list for PBXProject "Landmark" */ = {
			isa = XCConfigurationList;
			buildConfigurations = (
				438C14621CD7B296005516A5 /* Debug */,
				438C14631CD7B296005516A5 /* Release */,
			);
			defaultConfigurationIsVisible = 0;
			defaultConfigurationName = Release;
		};
		438C14641CD7B296005516A5 /* Build configuration list for PBXNativeTarget "Landmark" */ = {
			isa = XCConfigurationList;
			buildConfigurations = (
				438C14651CD7B296005516A5 /* Debug */,
				438C14661CD7B296005516A5 /* Release */,
			);
			defaultConfigurationIsVisible = 0;
		};
/* End XCConfigurationList section */

/* Begin XCVersionGroup section */
		438C14591CD7B296005516A5 /* Landmark.xcdatamodeld */ = {
			isa = XCVersionGroup;
			children = (
				438C145A1CD7B296005516A5 /* Landmark.xcdatamodel */,
			);
			currentVersion = 438C145A1CD7B296005516A5 /* Landmark.xcdatamodel */;
			path = Landmark.xcdatamodeld;
			sourceTree = "<group>";
			versionGroupType = wrapper.xcdatamodel;
		};
/* End XCVersionGroup section */
	};
	rootObject = 438C14421CD7B296005516A5 /* Project object */;
}
